
Microsoft Visual Studio Solution File, Format Version 12.00
# Visual Studio 15
VisualStudioVersion = 15.0.28307.106
MinimumVisualStudioVersion = 10.0.40219.1
Project("{FAE04EC0-301F-11D3-BF4B-00C04F79EFBC}") = "EcoFarm_LINQ", "EcoFarm_LINQ\EcoFarm_LINQ.csproj", "{F5F01999-720B-416A-AD39-0873F17F5E52}"
EndProject
Global
	GlobalSection(SolutionConfigurationPlatforms) = preSolution
		Debug|Any CPU = Debug|Any CPU
		Release|Any CPU = Release|Any CPU
	EndGlobalSection
	GlobalSection(ProjectConfigurationPlatforms) = postSolution
		{F5F01999-720B-416A-AD39-0873F17F5E52}.Debug|Any CPU.ActiveCfg = Debug|Any CPU
		{F5F01999-720B-416A-AD39-0873F17F5E52}.Debug|Any CPU.Build.0 = Debug|Any CPU
		{F5F01999-720B-416A-AD39-0873F17F5E52}.Release|Any CPU.ActiveCfg = Release|Any CPU
		{F5F01999-720B-416A-AD39-0873F17F5E52}.Release|Any CPU.Build.0 = Release|Any CPU
	EndGlobalSection
	GlobalSection(SolutionProperties) = preSolution
		HideSolutionNode = FALSE
	EndGlobalSection
	GlobalSection(ExtensibilityGlobals) = postSolution
		SolutionGuid = {AB9284C3-7A68-4F9D-92A3-F79C6B7508A7}
	EndGlobalSection
EndGlobal
